
Microsoft Visual Studio Solution File, Format Version 12.00
Project("{FAE04EC0-301F-11D3-BF4B-00C04F79EFBC}") = "WPF MVVM Template", "WPF MVVM Template\WPF MVVM Template.csproj", "{A3373506-349B-438A-992F-462869D0EAFC}"
EndProject
Global
	GlobalSection(SolutionConfigurationPlatforms) = preSolution
		Debug|Any CPU = Debug|Any CPU
		Release|Any CPU = Release|Any CPU
	EndGlobalSection
	GlobalSection(ProjectConfigurationPlatforms) = postSolution
		{A3373506-349B-438A-992F-462869D0EAFC}.Debug|Any CPU.ActiveCfg = Debug|Any CPU
		{A3373506-349B-438A-992F-462869D0EAFC}.Debug|Any CPU.Build.0 = Debug|Any CPU
		{A3373506-349B-438A-992F-462869D0EAFC}.Release|Any CPU.ActiveCfg = Release|Any CPU
		{A3373506-349B-438A-992F-462869D0EAFC}.Release|Any CPU.Build.0 = Release|Any CPU
	EndGlobalSection
EndGlobal
